PODS:
  - "NSObject+Rx (5.2.2)":
    - RxSwift (~> 6.2)
  - ReachabilitySwift (5.0.0)
  - RxCocoa (6.5.0):
    - RxRelay (= 6.5.0)
    - RxSwift (= 6.5.0)
  - RxOptional (5.0.2):
    - RxCocoa (~> 6.0)
    - RxSwift (~> 6.0)
  - RxRelay (6.5.0):
    - RxSwift (= 6.5.0)
  - RxSwift (6.5.0)
  - TTAssistKit (1.0.0):
    - "NSObject+Rx (= 5.2.2)"
    - RxCocoa (= 6.5.0)
    - RxOptional (= 5.0.2)
    - RxRelay (= 6.5.0)
    - RxSwift (= 6.5.0)
    - TTAssistKit/TTDevice (= 1.0.0)
    - TTAssistKit/TTNetObserver (= 1.0.0)
  - TTAssistKit/TTDevice (1.0.0):
    - "NSObject+Rx (= 5.2.2)"
    - RxCocoa (= 6.5.0)
    - RxOptional (= 5.0.2)
    - RxRelay (= 6.5.0)
    - RxSwift (= 6.5.0)
  - TTAssistKit/TTNetObserver (1.0.0):
    - "NSObject+Rx (= 5.2.2)"
    - ReachabilitySwift
    - RxCocoa (= 6.5.0)
    - RxOptional (= 5.0.2)
    - RxRelay (= 6.5.0)
    - RxSwift (= 6.5.0)

DEPENDENCIES:
  - TTAssistKit (from `../`)

SPEC REPOS:
  trunk:
    - "NSObject+Rx"
    - ReachabilitySwift
    - RxCocoa
    - RxOptional
    - RxRelay
    - RxSwift

EXTERNAL SOURCES:
  TTAssistKit:
    :path: "../"

SPEC CHECKSUMS:
  "NSObject+Rx": 61cf1f7306a73dcef8b36649198af0813ec18dfd
  ReachabilitySwift: 985039c6f7b23a1da463388634119492ff86c825
  RxCocoa: 94f817b71c07517321eb4f9ad299112ca8af743b
  RxOptional: 3664964c96b69dd20c9cf78bdfe546615e26eca8
  RxRelay: 1de1523e604c72b6c68feadedd1af3b1b4d0ecbd
  RxSwift: 5710a9e6b17f3c3d6e40d6e559b9fa1e813b2ef8
  TTAssistKit: 01aa25492381a78fcd0977018f8ba0edadf2e3fb

PODFILE CHECKSUM: 3edae3305240e0dc4e66c07ff78b5a3e578f5d6a

COCOAPODS: 1.11.3
